// !$*UTF8*$!
{
	archiveVersion = 1;
	classes = {
	};
	objectVersion = 51;
	objects = {

/* Begin PBXBuildFile section */
		9409C3D925C17EB600750805 /* OptionalDemo.swift in Sources */ = {isa = PBXBuildFile; fileRef = 9409C3D825C17EB600750805 /* OptionalDemo.swift */; };
		9409C3DE25C2B1CD00750805 /* QuickCheck.swift in Sources */ = {isa = PBXBuildFile; fileRef = 9409C3DD25C2B1CD00750805 /* QuickCheck.swift */; };
		940E1AC325DFC384006581ED /* Enum.swift in Sources */ = {isa = PBXBuildFile; fileRef = 940E1AC225DFC384006581ED /* Enum.swift */; };
		94184C6825B9318000016CD9 /* AppDelegate.swift in Sources */ = {isa = PBXBuildFile; fileRef = 94184C6725B9318000016CD9 /* AppDelegate.swift */; };
		94184C6A25B9318000016CD9 /* SceneDelegate.swift in Sources */ = {isa = PBXBuildFile; fileRef = 94184C6925B9318000016CD9 /* SceneDelegate.swift */; };
		94184C6C25B9318000016CD9 /* ViewController.swift in Sources */ = {isa = PBXBuildFile; fileRef = 94184C6B25B9318000016CD9 /* ViewController.swift */; };
		94184C6F25B9318000016CD9 /* Main.storyboard in Resources */ = {isa = PBXBuildFile; fileRef = 94184C6D25B9318000016CD9 /* Main.storyboard */; };
		94184C7125B9318300016CD9 /* Assets.xcassets in Resources */ = {isa = PBXBuildFile; fileRef = 94184C7025B9318300016CD9 /* Assets.xcassets */; };
		94184C7425B9318300016CD9 /* LaunchScreen.storyboard in Resources */ = {isa = PBXBuildFile; fileRef = 94184C7225B9318300016CD9 /* LaunchScreen.storyboard */; };
		94184C7F25B9321000016CD9 /* Battleship.swift in Sources */ = {isa = PBXBuildFile; fileRef = 94184C7E25B9321000016CD9 /* Battleship.swift */; };
		9471C7CE25BFF04600482305 /* BasicFunction.swift in Sources */ = {isa = PBXBuildFile; fileRef = 9471C7CD25BFF04600482305 /* BasicFunction.swift */; };
		948D492825BA791500AB2998 /* EncapsulateCoreImage.swift in Sources */ = {isa = PBXBuildFile; fileRef = 948D492725BA791500AB2998 /* EncapsulateCoreImage.swift */; };
		94982A0D25E8DB0E00412F0B /* PureSwiftDataStruct.swift in Sources */ = {isa = PBXBuildFile; fileRef = 94982A0C25E8DB0E00412F0B /* PureSwiftDataStruct.swift */; };
		94C9C02C26034EF200BC1C8E /* AsyncTestViewController.swift in Sources */ = {isa = PBXBuildFile; fileRef = 94C9C02B26034EF200BC1C8E /* AsyncTestViewController.swift */; };
		94E4793326301881005793B8 /* DrawGraphics.swift in Sources */ = {isa = PBXBuildFile; fileRef = 94E4793226301881005793B8 /* DrawGraphics.swift */; };
/* End PBXBuildFile section */

/* Begin PBXFileReference section */
		434387F0F1BCF36AABBB0914 /* Pods-函数式Swift学习.release.xcconfig */ = {isa = PBXFileReference; includeInIndex = 1; lastKnownFileType = text.xcconfig; name = "Pods-函数式Swift学习.release.xcconfig"; path = "Target Support Files/Pods-函数式Swift学习/Pods-函数式Swift学习.release.xcconfig"; sourceTree = "<group>"; };
		452636142B1D23BD460AEF27 /* Pods____Swift__.framework */ = {isa = PBXFileReference; explicitFileType = wrapper.framework; includeInIndex = 0; path = "Pods____Swift__.framework"; sourceTree = BUILT_PRODUCTS_DIR; };
		9409C3D825C17EB600750805 /* OptionalDemo.swift */ = {isa = PBXFileReference; lastKnownFileType = sourcecode.swift; path = OptionalDemo.swift; sourceTree = "<group>"; };
		9409C3DD25C2B1CD00750805 /* QuickCheck.swift */ = {isa = PBXFileReference; lastKnownFileType = sourcecode.swift; path = QuickCheck.swift; sourceTree = "<group>"; };
		940E1AC225DFC384006581ED /* Enum.swift */ = {isa = PBXFileReference; lastKnownFileType = sourcecode.swift; path = Enum.swift; sourceTree = "<group>"; };
		94184C6425B9318000016CD9 /* 函数式Swift学习.app */ = {isa = PBXFileReference; explicitFileType = wrapper.application; includeInIndex = 0; path = "函数式Swift学习.app"; sourceTree = BUILT_PRODUCTS_DIR; };
		94184C6725B9318000016CD9 /* AppDelegate.swift */ = {isa = PBXFileReference; lastKnownFileType = sourcecode.swift; path = AppDelegate.swift; sourceTree = "<group>"; };
		94184C6925B9318000016CD9 /* SceneDelegate.swift */ = {isa = PBXFileReference; lastKnownFileType = sourcecode.swift; path = SceneDelegate.swift; sourceTree = "<group>"; };
		94184C6B25B9318000016CD9 /* ViewController.swift */ = {isa = PBXFileReference; lastKnownFileType = sourcecode.swift; path = ViewController.swift; sourceTree = "<group>"; };
		94184C6E25B9318000016CD9 /* Base */ = {isa = PBXFileReference; lastKnownFileType = file.storyboard; name = Base; path = Base.lproj/Main.storyboard; sourceTree = "<group>"; };
		94184C7025B9318300016CD9 /* Assets.xcassets */ = {isa = PBXFileReference; lastKnownFileType = folder.assetcatalog; path = Assets.xcassets; sourceTree = "<group>"; };
		94184C7325B9318300016CD9 /* Base */ = {isa = PBXFileReference; lastKnownFileType = file.storyboard; name = Base; path = Base.lproj/LaunchScreen.storyboard; sourceTree = "<group>"; };
		94184C7525B9318300016CD9 /* Info.plist */ = {isa = PBXFileReference; lastKnownFileType = text.plist.xml; path = Info.plist; sourceTree = "<group>"; };
		94184C7E25B9321000016CD9 /* Battleship.swift */ = {isa = PBXFileReference; lastKnownFileType = sourcecode.swift; path = Battleship.swift; sourceTree = "<group>"; };
		94184C8225B9331200016CD9 /* README.md */ = {isa = PBXFileReference; lastKnownFileType = net.daringfireball.markdown; path = README.md; sourceTree = "<group>"; };
		9471C7CD25BFF04600482305 /* BasicFunction.swift */ = {isa = PBXFileReference; lastKnownFileType = sourcecode.swift; path = BasicFunction.swift; sourceTree = "<group>"; };
		948D492725BA791500AB2998 /* EncapsulateCoreImage.swift */ = {isa = PBXFileReference; lastKnownFileType = sourcecode.swift; path = EncapsulateCoreImage.swift; sourceTree = "<group>"; };
		94982A0C25E8DB0E00412F0B /* PureSwiftDataStruct.swift */ = {isa = PBXFileReference; lastKnownFileType = sourcecode.swift; path = PureSwiftDataStruct.swift; sourceTree = "<group>"; };
		94C9C02B26034EF200BC1C8E /* AsyncTestViewController.swift */ = {isa = PBXFileReference; lastKnownFileType = sourcecode.swift; path = AsyncTestViewController.swift; sourceTree = "<group>"; };
		94E4793226301881005793B8 /* DrawGraphics.swift */ = {isa = PBXFileReference; lastKnownFileType = sourcecode.swift; path = DrawGraphics.swift; sourceTree = "<group>"; };
		FD4141224F216D8C78FDCC0D /* Pods-函数式Swift学习.debug.xcconfig */ = {isa = PBXFileReference; includeInIndex = 1; lastKnownFileType = text.xcconfig; name = "Pods-函数式Swift学习.debug.xcconfig"; path = "Target Support Files/Pods-函数式Swift学习/Pods-函数式Swift学习.debug.xcconfig"; sourceTree = "<group>"; };
/* End PBXFileReference section */

/* Begin PBXFrameworksBuildPhase section */
		94184C6125B9318000016CD9 /* Frameworks */ = {
			isa = PBXFrameworksBuildPhase;
			buildActionMask = 2147483647;
			files = (
			);
			runOnlyForDeploymentPostprocessing = 0;
		};
/* End PBXFrameworksBuildPhase section */

/* Begin PBXGroup section */
		07CE17F8ABF9243A98B11B57 /* Frameworks */ = {
			isa = PBXGroup;
			children = (
				452636142B1D23BD460AEF27 /* Pods____Swift__.framework */,
			);
			name = Frameworks;
			sourceTree = "<group>";
		};
		627549DDF6AC96CA0BE6F0D3 /* Pods */ = {
			isa = PBXGroup;
			children = (
				FD4141224F216D8C78FDCC0D /* Pods-函数式Swift学习.debug.xcconfig */,
				434387F0F1BCF36AABBB0914 /* Pods-函数式Swift学习.release.xcconfig */,
			);
			path = Pods;
			sourceTree = "<group>";
		};
		9409C3D725C17E8A00750805 /* 4、可选值 */ = {
			isa = PBXGroup;
			children = (
				9409C3D825C17EB600750805 /* OptionalDemo.swift */,
			);
			path = "4、可选值";
			sourceTree = "<group>";
		};
		9409C3DC25C2B18900750805 /* 5、案例研究：QuickCheck */ = {
			isa = PBXGroup;
			children = (
				9409C3DD25C2B1CD00750805 /* QuickCheck.swift */,
			);
			path = "5、案例研究：QuickCheck";
			sourceTree = "<group>";
		};
		940E1AC125DFC355006581ED /* 6、枚举 */ = {
			isa = PBXGroup;
			children = (
				940E1AC225DFC384006581ED /* Enum.swift */,
			);
			path = "6、枚举";
			sourceTree = "<group>";
		};
		94184C5B25B9318000016CD9 = {
			isa = PBXGroup;
			children = (
				94184C6625B9318000016CD9 /* 函数式Swift学习 */,
				94184C6525B9318000016CD9 /* Products */,
				627549DDF6AC96CA0BE6F0D3 /* Pods */,
				07CE17F8ABF9243A98B11B57 /* Frameworks */,
			);
			sourceTree = "<group>";
		};
		94184C6525B9318000016CD9 /* Products */ = {
			isa = PBXGroup;
			children = (
				94184C6425B9318000016CD9 /* 函数式Swift学习.app */,
			);
			name = Products;
			sourceTree = "<group>";
		};
		94184C6625B9318000016CD9 /* 函数式Swift学习 */ = {
			isa = PBXGroup;
			children = (
				94184C7D25B931E000016CD9 /* 1、函数式思想 */,
				948D492625BA78CF00AB2998 /* 2、封装CoreImage */,
				948D492D25BAD9C800AB2998 /* 3、Map、Filter 和 Reduce */,
				9409C3D725C17E8A00750805 /* 4、可选值 */,
				9409C3DC25C2B18900750805 /* 5、案例研究：QuickCheck */,
				940E1AC125DFC355006581ED /* 6、枚举 */,
				94982A0B25E8DACC00412F0B /* 7、纯函数式数据结构 */,
				94E479312630182F005793B8 /* 8、案例研究：图表 */,
				94E479542631609C005793B8 /* 9、迭代器和序列 */,
				94184C7C25B931A700016CD9 /* Origin */,
				94184C8225B9331200016CD9 /* README.md */,
			);
			path = "函数式Swift学习";
			sourceTree = "<group>";
		};
		94184C7C25B931A700016CD9 /* Origin */ = {
			isa = PBXGroup;
			children = (
				94184C6725B9318000016CD9 /* AppDelegate.swift */,
				94184C6925B9318000016CD9 /* SceneDelegate.swift */,
				94184C6B25B9318000016CD9 /* ViewController.swift */,
				94C9C02B26034EF200BC1C8E /* AsyncTestViewController.swift */,
				94184C6D25B9318000016CD9 /* Main.storyboard */,
				94184C7025B9318300016CD9 /* Assets.xcassets */,
				94184C7225B9318300016CD9 /* LaunchScreen.storyboard */,
				94184C7525B9318300016CD9 /* Info.plist */,
			);
			path = Origin;
			sourceTree = "<group>";
		};
		94184C7D25B931E000016CD9 /* 1、函数式思想 */ = {
			isa = PBXGroup;
			children = (
				94184C7E25B9321000016CD9 /* Battleship.swift */,
			);
			path = "1、函数式思想";
			sourceTree = "<group>";
		};
		948D492625BA78CF00AB2998 /* 2、封装CoreImage */ = {
			isa = PBXGroup;
			children = (
				948D492725BA791500AB2998 /* EncapsulateCoreImage.swift */,
			);
			path = "2、封装CoreImage";
			sourceTree = "<group>";
		};
		948D492D25BAD9C800AB2998 /* 3、Map、Filter 和 Reduce */ = {
			isa = PBXGroup;
			children = (
				9471C7CD25BFF04600482305 /* BasicFunction.swift */,
			);
			path = "3、Map、Filter 和 Reduce";
			sourceTree = "<group>";
		};
		94982A0B25E8DACC00412F0B /* 7、纯函数式数据结构 */ = {
			isa = PBXGroup;
			children = (
				94982A0C25E8DB0E00412F0B /* PureSwiftDataStruct.swift */,
			);
			path = "7、纯函数式数据结构";
			sourceTree = "<group>";
		};
		94E479312630182F005793B8 /* 8、案例研究：图表 */ = {
			isa = PBXGroup;
			children = (
				94E4793226301881005793B8 /* DrawGraphics.swift */,
			);
			path = "8、案例研究：图表";
			sourceTree = "<group>";
		};
		94E479542631609C005793B8 /* 9、迭代器和序列 */ = {
			isa = PBXGroup;
			children = (
			);
			path = "9、迭代器和序列";
			sourceTree = "<group>";
		};
/* End PBXGroup section */

/* Begin PBXNativeTarget section */
		94184C6325B9318000016CD9 /* 函数式Swift学习 */ = {
			isa = PBXNativeTarget;
			buildConfigurationList = 94184C7825B9318300016CD9 /* Build configuration list for PBXNativeTarget "函数式Swift学习" */;
			buildPhases = (
				A2E631BCFBBC767FCBF8D4A0 /* [CP] Check Pods Manifest.lock */,
				94184C6025B9318000016CD9 /* Sources */,
				94184C6125B9318000016CD9 /* Frameworks */,
				94184C6225B9318000016CD9 /* Resources */,
				B64A7A4F368C4AB05E7827C3 /* [CP] Embed Pods Frameworks */,
			);
			buildRules = (
			);
			dependencies = (
			);
			name = "函数式Swift学习";
			productName = "函数式Swift学习";
			productReference = 94184C6425B9318000016CD9 /* 函数式Swift学习.app */;
			productType = "com.apple.product-type.application";
		};
/* End PBXNativeTarget section */

/* Begin PBXProject section */
		94184C5C25B9318000016CD9 /* Project object */ = {
			isa = PBXProject;
			attributes = {
				LastSwiftUpdateCheck = 1230;
				LastUpgradeCheck = 1230;
				TargetAttributes = {
					94184C6325B9318000016CD9 = {
						CreatedOnToolsVersion = 12.3;
					};
				};
			};
			buildConfigurationList = 94184C5F25B9318000016CD9 /* Build configuration list for PBXProject "函数式Swift学习" */;
			compatibilityVersion = "Xcode 9.3";
			developmentRegion = en;
			hasScannedForEncodings = 0;
			knownRegions = (
				en,
				Base,
			);
			mainGroup = 94184C5B25B9318000016CD9;
			productRefGroup = 94184C6525B9318000016CD9 /* Products */;
			projectDirPath = "";
			projectRoot = "";
			targets = (
				94184C6325B9318000016CD9 /* 函数式Swift学习 */,
			);
		};
/* End PBXProject section */

/* Begin PBXResourcesBuildPhase section */
		94184C6225B9318000016CD9 /* Resources */ = {
			isa = PBXResourcesBuildPhase;
			buildActionMask = 2147483647;
			files = (
				94184C7425B9318300016CD9 /* LaunchScreen.storyboard in Resources */,
				94184C7125B9318300016CD9 /* Assets.xcassets in Resources */,
				94184C6F25B9318000016CD9 /* Main.storyboard in Resources */,
			);
			runOnlyForDeploymentPostprocessing = 0;
		};
/* End PBXResourcesBuildPhase section */

/* Begin PBXShellScriptBuildPhase section */
		A2E631BCFBBC767FCBF8D4A0 /* [CP] Check Pods Manifest.lock */ = {
			isa = PBXShellScriptBuildPhase;
			buildActionMask = 2147483647;
			files = (
			);
			inputFileListPaths = (
			);
			inputPaths = (
				"${PODS_PODFILE_DIR_PATH}/Podfile.lock",
				"${PODS_ROOT}/Manifest.lock",
			);
			name = "[CP] Check Pods Manifest.lock";
			outputFileListPaths = (
			);
			outputPaths = (
				"$(DERIVED_FILE_DIR)/Pods-函数式Swift学习-checkManifestLockResult.txt",
			);
			runOnlyForDeploymentPostprocessing = 0;
			shellPath = /bin/sh;
			shellScript = "diff \"${PODS_PODFILE_DIR_PATH}/Podfile.lock\" \"${PODS_ROOT}/Manifest.lock\" > /dev/null\nif [ $? != 0 ] ; then\n    # print error to STDERR\n    echo \"error: The sandbox is not in sync with the Podfile.lock. Run 'pod install' or update your CocoaPods installation.\" >&2\n    exit 1\nfi\n# This output is used by Xcode 'outputs' to avoid re-running this script phase.\necho \"SUCCESS\" > \"${SCRIPT_OUTPUT_FILE_0}\"\n";
			showEnvVarsInLog = 0;
		};
		B64A7A4F368C4AB05E7827C3 /* [CP] Embed Pods Frameworks */ = {
			isa = PBXShellScriptBuildPhase;
			buildActionMask = 2147483647;
			files = (
			);
			inputFileListPaths = (
				"${PODS_ROOT}/Target Support Files/Pods-函数式Swift学习/Pods-函数式Swift学习-frameworks-${CONFIGURATION}-input-files.xcfilelist",
			);
			name = "[CP] Embed Pods Frameworks";
			outputFileListPaths = (
				"${PODS_ROOT}/Target Support Files/Pods-函数式Swift学习/Pods-函数式Swift学习-frameworks-${CONFIGURATION}-output-files.xcfilelist",
			);
			runOnlyForDeploymentPostprocessing = 0;
			shellPath = /bin/sh;
			shellScript = "\"${PODS_ROOT}/Target Support Files/Pods-函数式Swift学习/Pods-函数式Swift学习-frameworks.sh\"\n";
			showEnvVarsInLog = 0;
		};
/* End PBXShellScriptBuildPhase section */

/* Begin PBXSourcesBuildPhase section */
		94184C6025B9318000016CD9 /* Sources */ = {
			isa = PBXSourcesBuildPhase;
			buildActionMask = 2147483647;
			files = (
				94E4793326301881005793B8 /* DrawGraphics.swift in Sources */,
				94184C6C25B9318000016CD9 /* ViewController.swift in Sources */,
				9409C3D925C17EB600750805 /* OptionalDemo.swift in Sources */,
				94C9C02C26034EF200BC1C8E /* AsyncTestViewController.swift in Sources */,
				94184C6825B9318000016CD9 /* AppDelegate.swift in Sources */,
				948D492825BA791500AB2998 /* EncapsulateCoreImage.swift in Sources */,
				94184C6A25B9318000016CD9 /* SceneDelegate.swift in Sources */,
				940E1AC325DFC384006581ED /* Enum.swift in Sources */,
				94982A0D25E8DB0E00412F0B /* PureSwiftDataStruct.swift in Sources */,
				9471C7CE25BFF04600482305 /* BasicFunction.swift in Sources */,
				9409C3DE25C2B1CD00750805 /* QuickCheck.swift in Sources */,
				94184C7F25B9321000016CD9 /* Battleship.swift in Sources */,
			);
			runOnlyForDeploymentPostprocessing = 0;
		};
/* End PBXSourcesBuildPhase section */

/* Begin PBXVariantGroup section */
		94184C6D25B9318000016CD9 /* Main.storyboard */ = {
			isa = PBXVariantGroup;
			children = (
				94184C6E25B9318000016CD9 /* Base */,
			);
			name = Main.storyboard;
			sourceTree = "<group>";
		};
		94184C7225B9318300016CD9 /* LaunchScreen.storyboard */ = {
			isa = PBXVariantGroup;
			children = (
				94184C7325B9318300016CD9 /* Base */,
			);
			name = LaunchScreen.storyboard;
			sourceTree = "<group>";
		};
/* End PBXVariantGroup section */

/* Begin XCBuildConfiguration section */
		94184C7625B9318300016CD9 /* Debug */ = {
			isa = XCBuildConfiguration;
			buildSettings = {
				ALWAYS_SEARCH_USER_PATHS = NO;
				CLANG_ANALYZER_NONNULL = YES;
				CLANG_ANALYZER_NUMBER_OBJECT_CONVERSION = YES_AGGRESSIVE;
				CLANG_CXX_LANGUAGE_STANDARD = "gnu++14";
				CLANG_CXX_LIBRARY = "libc++";
				CLANG_ENABLE_MODULES = YES;
				CLANG_ENABLE_OBJC_ARC = YES;
				CLANG_ENABLE_OBJC_WEAK = YES;
				CLANG_WARN_BLOCK_CAPTURE_AUTORELEASING = YES;
				CLANG_WARN_BOOL_CONVERSION = YES;
				CLANG_WARN_COMMA = YES;
				CLANG_WARN_CONSTANT_CONVERSION = YES;
				CLANG_WARN_DEPRECATED_OBJC_IMPLEMENTATIONS = YES;
				CLANG_WARN_DIRECT_OBJC_ISA_USAGE = YES_ERROR;
				CLANG_WARN_DOCUMENTATION_COMMENTS = YES;
				CLANG_WARN_EMPTY_BODY = YES;
				CLANG_WARN_ENUM_CONVERSION = YES;
				CLANG_WARN_INFINITE_RECURSION = YES;
				CLANG_WARN_INT_CONVERSION = YES;
				CLANG_WARN_NON_LITERAL_NULL_CONVERSION = YES;
				CLANG_WARN_OBJC_IMPLICIT_RETAIN_SELF = YES;
				CLANG_WARN_OBJC_LITERAL_CONVERSION = YES;
				CLANG_WARN_OBJC_ROOT_CLASS = YES_ERROR;
				CLANG_WARN_QUOTED_INCLUDE_IN_FRAMEWORK_HEADER = YES;
				CLANG_WARN_RANGE_LOOP_ANALYSIS = YES;
				CLANG_WARN_STRICT_PROTOTYPES = YES;
				CLANG_WARN_SUSPICIOUS_MOVE = YES;
				CLANG_WARN_UNGUARDED_AVAILABILITY = YES_AGGRESSIVE;
				CLANG_WARN_UNREACHABLE_CODE = YES;
				CLANG_WARN__DUPLICATE_METHOD_MATCH = YES;
				COPY_PHASE_STRIP = NO;
				DEBUG_INFORMATION_FORMAT = dwarf;
				ENABLE_STRICT_OBJC_MSGSEND = YES;
				ENABLE_TESTABILITY = YES;
				GCC_C_LANGUAGE_STANDARD = gnu11;
				GCC_DYNAMIC_NO_PIC = NO;
				GCC_NO_COMMON_BLOCKS = YES;
				GCC_OPTIMIZATION_LEVEL = 0;
				GCC_PREPROCESSOR_DEFINITIONS = (
					"DEBUG=1",
					"$(inherited)",
				);
				GCC_WARN_64_TO_32_BIT_CONVERSION = YES;
				GCC_WARN_ABOUT_RETURN_TYPE = YES_ERROR;
				GCC_WARN_UNDECLARED_SELECTOR = YES;
				GCC_WARN_UNINITIALIZED_AUTOS = YES_AGGRESSIVE;
				GCC_WARN_UNUSED_FUNCTION = YES;
				GCC_WARN_UNUSED_VARIABLE = YES;
				IPHONEOS_DEPLOYMENT_TARGET = 14.3;
				MTL_ENABLE_DEBUG_INFO = INCLUDE_SOURCE;
				MTL_FAST_MATH = YES;
				ONLY_ACTIVE_ARCH = YES;
				SDKROOT = iphoneos;
				SWIFT_ACTIVE_COMPILATION_CONDITIONS = DEBUG;
				SWIFT_OPTIMIZATION_LEVEL = "-Onone";
			};
			name = Debug;
		};
		94184C7725B9318300016CD9 /* Release */ = {
			isa = XCBuildConfiguration;
			buildSettings = {
				ALWAYS_SEARCH_USER_PATHS = NO;
				CLANG_ANALYZER_NONNULL = YES;
				CLANG_ANALYZER_NUMBER_OBJECT_CONVERSION = YES_AGGRESSIVE;
				CLANG_CXX_LANGUAGE_STANDARD = "gnu++14";
				CLANG_CXX_LIBRARY = "libc++";
				CLANG_ENABLE_MODULES = YES;
				CLANG_ENABLE_OBJC_ARC = YES;
				CLANG_ENABLE_OBJC_WEAK = YES;
				CLANG_WARN_BLOCK_CAPTURE_AUTORELEASING = YES;
				CLANG_WARN_BOOL_CONVERSION = YES;
				CLANG_WARN_COMMA = YES;
				CLANG_WARN_CONSTANT_CONVERSION = YES;
				CLANG_WARN_DEPRECATED_OBJC_IMPLEMENTATIONS = YES;
				CLANG_WARN_DIRECT_OBJC_ISA_USAGE = YES_ERROR;
				CLANG_WARN_DOCUMENTATION_COMMENTS = YES;
				CLANG_WARN_EMPTY_BODY = YES;
				CLANG_WARN_ENUM_CONVERSION = YES;
				CLANG_WARN_INFINITE_RECURSION = YES;
				CLANG_WARN_INT_CONVERSION = YES;
				CLANG_WARN_NON_LITERAL_NULL_CONVERSION = YES;
				CLANG_WARN_OBJC_IMPLICIT_RETAIN_SELF = YES;
				CLANG_WARN_OBJC_LITERAL_CONVERSION = YES;
				CLANG_WARN_OBJC_ROOT_CLASS = YES_ERROR;
				CLANG_WARN_QUOTED_INCLUDE_IN_FRAMEWORK_HEADER = YES;
				CLANG_WARN_RANGE_LOOP_ANALYSIS = YES;
				CLANG_WARN_STRICT_PROTOTYPES = YES;
				CLANG_WARN_SUSPICIOUS_MOVE = YES;
				CLANG_WARN_UNGUARDED_AVAILABILITY = YES_AGGRESSIVE;
				CLANG_WARN_UNREACHABLE_CODE = YES;
				CLANG_WARN__DUPLICATE_METHOD_MATCH = YES;
				COPY_PHASE_STRIP = NO;
				DEBUG_INFORMATION_FORMAT = "dwarf-with-dsym";
				ENABLE_NS_ASSERTIONS = NO;
				ENABLE_STRICT_OBJC_MSGSEND = YES;
				GCC_C_LANGUAGE_STANDARD = gnu11;
				GCC_NO_COMMON_BLOCKS = YES;
				GCC_WARN_64_TO_32_BIT_CONVERSION = YES;
				GCC_WARN_ABOUT_RETURN_TYPE = YES_ERROR;
				GCC_WARN_UNDECLARED_SELECTOR = YES;
				GCC_WARN_UNINITIALIZED_AUTOS = YES_AGGRESSIVE;
				GCC_WARN_UNUSED_FUNCTION = YES;
				GCC_WARN_UNUSED_VARIABLE = YES;
				IPHONEOS_DEPLOYMENT_TARGET = 14.3;
				MTL_ENABLE_DEBUG_INFO = NO;
				MTL_FAST_MATH = YES;
				SDKROOT = iphoneos;
				SWIFT_COMPILATION_MODE = wholemodule;
				SWIFT_OPTIMIZATION_LEVEL = "-O";
				VALIDATE_PRODUCT = YES;
			};
			name = Release;
		};
		94184C7925B9318300016CD9 /* Debug */ = {
			isa = XCBuildConfiguration;
			baseConfigurationReference = FD4141224F216D8C78FDCC0D /* Pods-函数式Swift学习.debug.xcconfig */;
			buildSettings = {
				ASSETCATALOG_COMPILER_APPICON_NAME = AppIcon;
				ASSETCATALOG_COMPILER_GLOBAL_ACCENT_COLOR_NAME = AccentColor;
				CODE_SIGN_STYLE = Automatic;
				INFOPLIST_FILE = "$(SRCROOT)/函数式Swift学习/Origin/Info.plist";
				LD_RUNPATH_SEARCH_PATHS = (
					"$(inherited)",
					"@executable_path/Frameworks",
				);
				PRODUCT_BUNDLE_IDENTIFIER = "com.ryan.lemon.---Swift--";
				PRODUCT_NAME = "$(TARGET_NAME)";
				SWIFT_VERSION = 5.0;
				TARGETED_DEVICE_FAMILY = "1,2";
			};
			name = Debug;
		};
		94184C7A25B9318300016CD9 /* Release */ = {
			isa = XCBuildConfiguration;
			baseConfigurationReference = 434387F0F1BCF36AABBB0914 /* Pods-函数式Swift学习.release.xcconfig */;
			buildSettings = {
				ASSETCATALOG_COMPILER_APPICON_NAME = AppIcon;
				ASSETCATALOG_COMPILER_GLOBAL_ACCENT_COLOR_NAME = AccentColor;
				CODE_SIGN_STYLE = Automatic;
				INFOPLIST_FILE = "$(SRCROOT)/函数式Swift学习/Origin/Info.plist";
				LD_RUNPATH_SEARCH_PATHS = (
					"$(inherited)",
					"@executable_path/Frameworks",
				);
				PRODUCT_BUNDLE_IDENTIFIER = "com.ryan.lemon.---Swift--";
				PRODUCT_NAME = "$(TARGET_NAME)";
				SWIFT_VERSION = 5.0;
				TARGETED_DEVICE_FAMILY = "1,2";
			};
			name = Release;
		};
/* End XCBuildConfiguration section */

/* Begin XCConfigurationList section */
		94184C5F25B9318000016CD9 /* Build configuration list for PBXProject "函数式Swift学习" */ = {
			isa = XCConfigurationList;
			buildConfigurations = (
				94184C7625B9318300016CD9 /* Debug */,
				94184C7725B9318300016CD9 /* Release */,
			);
			defaultConfigurationIsVisible = 0;
			defaultConfigurationName = Release;
		};
		94184C7825B9318300016CD9 /* Build configuration list for PBXNativeTarget "函数式Swift学习" */ = {
			isa = XCConfigurationList;
			buildConfigurations = (
				94184C7925B9318300016CD9 /* Debug */,
				94184C7A25B9318300016CD9 /* Release */,
			);
			defaultConfigurationIsVisible = 0;
			defaultConfigurationName = Release;
		};
/* End XCConfigurationList section */
	};
	rootObject = 94184C5C25B9318000016CD9 /* Project object */;
}
